
Microsoft Visual Studio Solution File, Format Version 12.00
# Visual Studio Version 16
VisualStudioVersion = 16.0.31829.152
MinimumVisualStudioVersion = 10.0.40219.1
Project("{8BC9CEB8-8B4A-11D0-8D11-00A0C91BC942}") = "五子棋", "五子棋\五子棋.vcxproj", "{CE89A532-C7E9-40C3-844D-6B77E8CB47F3}"
EndProject
Project("{54435603-DBB4-11D2-8724-00A0C9A8B90C}") = "最强五子棋", "最强五子棋\最强五子棋.vdproj", "{023FFD04-28D6-41AD-8481-404B1605CE68}"
EndProject
Global
	GlobalSection(SolutionConfigurationPlatforms) = preSolution
		Debug|x64 = Debug|x64
		Debug|x86 = Debug|x86
		Release|x64 = Release|x64
		Release|x86 = Release|x86
	EndGlobalSection
	GlobalSection(ProjectConfigurationPlatforms) = postSolution
		{CE89A532-C7E9-40C3-844D-6B77E8CB47F3}.Debug|x64.ActiveCfg = Debug|x64
		{CE89A532-C7E9-40C3-844D-6B77E8CB47F3}.Debug|x64.Build.0 = Debug|x64
		{CE89A532-C7E9-40C3-844D-6B77E8CB47F3}.Debug|x86.ActiveCfg = Debug|Win32
		{CE89A532-C7E9-40C3-844D-6B77E8CB47F3}.Debug|x86.Build.0 = Debug|Win32
		{CE89A532-C7E9-40C3-844D-6B77E8CB47F3}.Release|x64.ActiveCfg = Release|x64
		{CE89A532-C7E9-40C3-844D-6B77E8CB47F3}.Release|x64.Build.0 = Release|x64
		{CE89A532-C7E9-40C3-844D-6B77E8CB47F3}.Release|x86.ActiveCfg = Release|Win32
		{CE89A532-C7E9-40C3-844D-6B77E8CB47F3}.Release|x86.Build.0 = Release|Win32
		{023FFD04-28D6-41AD-8481-404B1605CE68}.Debug|x64.ActiveCfg = Debug
		{023FFD04-28D6-41AD-8481-404B1605CE68}.Debug|x86.ActiveCfg = Debug
		{023FFD04-28D6-41AD-8481-404B1605CE68}.Release|x64.ActiveCfg = Release
		{023FFD04-28D6-41AD-8481-404B1605CE68}.Release|x86.ActiveCfg = Release
	EndGlobalSection
	GlobalSection(SolutionProperties) = preSolution
		HideSolutionNode = FALSE
	EndGlobalSection
	GlobalSection(ExtensibilityGlobals) = postSolution
		SolutionGuid = {1EAE33B4-0E3C-4D54-8418-82077F557A04}
	EndGlobalSection
EndGlobal
